
Microsoft Visual Studio Solution File, Format Version 12.00
# Visual Studio Version 17
VisualStudioVersion = 17.3.32819.101
MinimumVisualStudioVersion = 10.0.40219.1
Project("{FAE04EC0-301F-11D3-BF4B-00C04F79EFBC}") = "ObjectOrientedPrograms", "ObjectOrientedPrograms.csproj", "{6F9B08B1-2626-49B8-AA69-6367076847E0}"
EndProject
Global
	GlobalSection(SolutionConfigurationPlatforms) = preSolution
		Debug|Any CPU = Debug|Any CPU
		Release|Any CPU = Release|Any CPU
	EndGlobalSection
	GlobalSection(ProjectConfigurationPlatforms) = postSolution
		{6F9B08B1-2626-49B8-AA69-6367076847E0}.Debug|Any CPU.ActiveCfg = Debug|Any CPU
		{6F9B08B1-2626-49B8-AA69-6367076847E0}.Debug|Any CPU.Build.0 = Debug|Any CPU
		{6F9B08B1-2626-49B8-AA69-6367076847E0}.Release|Any CPU.ActiveCfg = Release|Any CPU
		{6F9B08B1-2626-49B8-AA69-6367076847E0}.Release|Any CPU.Build.0 = Release|Any CPU
	EndGlobalSection
	GlobalSection(SolutionProperties) = preSolution
		HideSolutionNode = FALSE
	EndGlobalSection
	GlobalSection(ExtensibilityGlobals) = postSolution
		SolutionGuid = {E2FA3107-9B76-47B3-9FC3-6B85B882D1AC}
	EndGlobalSection
EndGlobal
